// !$*UTF8*$!
{
	archiveVersion = 1;
	classes = {
	};
	objectVersion = 46;
	objects = {

/* Begin PBXBuildFile section */
		4481E9941C4E141700DEEBC5 /* main.m in Sources */ = {isa = PBXBuildFile; fileRef = 4481E9931C4E141700DEEBC5 /* main.m */; };
		4481E9971C4E141700DEEBC5 /* AppDelegate.m in Sources */ = {isa = PBXBuildFile; fileRef = 4481E9961C4E141700DEEBC5 /* AppDelegate.m */; };
		4481E99A1C4E141700DEEBC5 /* FirstViewController.m in Sources */ = {isa = PBXBuildFile; fileRef = 4481E9991C4E141700DEEBC5 /* FirstViewController.m */; };
		4481E99D1C4E141700DEEBC5 /* SecondViewController.m in Sources */ = {isa = PBXBuildFile; fileRef = 4481E99C1C4E141700DEEBC5 /* SecondViewController.m */; };
		4481E9A01C4E141700DEEBC5 /* Main.storyboard in Resources */ = {isa = PBXBuildFile; fileRef = 4481E99E1C4E141700DEEBC5 /* Main.storyboard */; };
		4481E9A21C4E141700DEEBC5 /* Assets.xcassets in Resources */ = {isa = PBXBuildFile; fileRef = 4481E9A11C4E141700DEEBC5 /* Assets.xcassets */; };
		4481E9A51C4E141700DEEBC5 /* LaunchScreen.storyboard in Resources */ = {isa = PBXBuildFile; fileRef = 4481E9A31C4E141700DEEBC5 /* LaunchScreen.storyboard */; };
/* End PBXBuildFile section */

/* Begin PBXFileReference section */
		4481E98F1C4E141700DEEBC5 /* Test_project_2.app */ = {isa = PBXFileReference; explicitFileType = wrapper.application; includeInIndex = 0; path = Test_project_2.app; sourceTree = BUILT_PRODUCTS_DIR; };
		4481E9931C4E141700DEEBC5 /* main.m */ = {isa = PBXFileReference; lastKnownFileType = sourcecode.c.objc; path = main.m; sourceTree = "<group>"; };
		4481E9951C4E141700DEEBC5 /* AppDelegate.h */ = {isa = PBXFileReference; lastKnownFileType = sourcecode.c.h; path = AppDelegate.h; sourceTree = "<group>"; };
		4481E9961C4E141700DEEBC5 /* AppDelegate.m */ = {isa = PBXFileReference; lastKnownFileType = sourcecode.c.objc; path = AppDelegate.m; sourceTree = "<group>"; };
		4481E9981C4E141700DEEBC5 /* FirstViewController.h */ = {isa = PBXFileReference; lastKnownFileType = sourcecode.c.h; path = FirstViewController.h; sourceTree = "<group>"; };
		4481E9991C4E141700DEEBC5 /* FirstViewController.m */ = {isa = PBXFileReference; lastKnownFileType = sourcecode.c.objc; path = FirstViewController.m; sourceTree = "<group>"; };
		4481E99B1C4E141700DEEBC5 /* SecondViewController.h */ = {isa = PBXFileReference; lastKnownFileType = sourcecode.c.h; path = SecondViewController.h; sourceTree = "<group>"; };
		4481E99C1C4E141700DEEBC5 /* SecondViewController.m */ = {isa = PBXFileReference; lastKnownFileType = sourcecode.c.objc; path = SecondViewController.m; sourceTree = "<group>"; };
		4481E99F1C4E141700DEEBC5 /* Base */ = {isa = PBXFileReference; lastKnownFileType = file.storyboard; name = Base; path = Base.lproj/Main.storyboard; sourceTree = "<group>"; };
		4481E9A11C4E141700DEEBC5 /* Assets.xcassets */ = {isa = PBXFileReference; lastKnownFileType = folder.assetcatalog; path = Assets.xcassets; sourceTree = "<group>"; };
		4481E9A41C4E141700DEEBC5 /* Base */ = {isa = PBXFileReference; lastKnownFileType = file.storyboard; name = Base; path = Base.lproj/LaunchScreen.storyboard; sourceTree = "<group>"; };
		4481E9A61C4E141700DEEBC5 /* Info.plist */ = {isa = PBXFileReference; lastKnownFileType = text.plist.xml; path = Info.plist; sourceTree = "<group>"; };
/* End PBXFileReference section */

/* Begin PBXFrameworksBuildPhase section */
		4481E98C1C4E141700DEEBC5 /* Frameworks */ = {
			isa = PBXFrameworksBuildPhase;
			buildActionMask = 2147483647;
			files = (
			);
			runOnlyForDeploymentPostprocessing = 0;
		};
/* End PBXFrameworksBuildPhase section */

/* Begin PBXGroup section */
		4481E9861C4E141700DEEBC5 = {
			isa = PBXGroup;
			children = (
				4481E9911C4E141700DEEBC5 /* Test_project_2 */,
				4481E9901C4E141700DEEBC5 /* Products */,
			);
			sourceTree = "<group>";
		};
		4481E9901C4E141700DEEBC5 /* Products */ = {
			isa = PBXGroup;
			children = (
				4481E98F1C4E141700DEEBC5 /* Test_project_2.app */,
			);
			name = Products;
			sourceTree = "<group>";
		};
		4481E9911C4E141700DEEBC5 /* Test_project_2 */ = {
			isa = PBXGroup;
			children = (
				4481E9951C4E141700DEEBC5 /* AppDelegate.h */,
				4481E9961C4E141700DEEBC5 /* AppDelegate.m */,
				4481E9981C4E141700DEEBC5 /* FirstViewController.h */,
				4481E9991C4E141700DEEBC5 /* FirstViewController.m */,
				4481E99B1C4E141700DEEBC5 /* SecondViewController.h */,
				4481E99C1C4E141700DEEBC5 /* SecondViewController.m */,
				4481E99E1C4E141700DEEBC5 /* Main.storyboard */,
				4481E9A11C4E141700DEEBC5 /* Assets.xcassets */,
				4481E9A31C4E141700DEEBC5 /* LaunchScreen.storyboard */,
				4481E9A61C4E141700DEEBC5 /* Info.plist */,
				4481E9921C4E141700DEEBC5 /* Supporting Files */,
			);
			path = Test_project_2;
			sourceTree = "<group>";
		};
		4481E9921C4E141700DEEBC5 /* Supporting Files */ = {
			isa = PBXGroup;
			children = (
				4481E9931C4E141700DEEBC5 /* main.m */,
			);
			name = "Supporting Files";
			sourceTree = "<group>";
		};
/* End PBXGroup section */

/* Begin PBXNativeTarget section */
		4481E98E1C4E141700DEEBC5 /* Test_project_2 */ = {
			isa = PBXNativeTarget;
			buildConfigurationList = 4481E9A91C4E141700DEEBC5 /* Build configuration list for PBXNativeTarget "Test_project_2" */;
			buildPhases = (
				4481E98B1C4E141700DEEBC5 /* Sources */,
				4481E98C1C4E141700DEEBC5 /* Frameworks */,
				4481E98D1C4E141700DEEBC5 /* Resources */,
			);
			buildRules = (
			);
			dependencies = (
			);
			name = Test_project_2;
			productName = Test_project_2;
			productReference = 4481E98F1C4E141700DEEBC5 /* Test_project_2.app */;
			productType = "com.apple.product-type.application";
		};
/* End PBXNativeTarget section */

/* Begin PBXProject section */
		4481E9871C4E141700DEEBC5 /* Project object */ = {
			isa = PBXProject;
			attributes = {
				LastUpgradeCheck = 0720;
				ORGANIZATIONNAME = zhaolei;
				TargetAttributes = {
					4481E98E1C4E141700DEEBC5 = {
						CreatedOnToolsVersion = 7.2;
					};
				};
			};
			buildConfigurationList = 4481E98A1C4E141700DEEBC5 /* Build configuration list for PBXProject "Test_project_2" */;
			compatibilityVersion = "Xcode 3.2";
			developmentRegion = English;
			hasScannedForEncodings = 0;
			knownRegions = (
				en,
				Base,
			);
			mainGroup = 4481E9861C4E141700DEEBC5;
			productRefGroup = 4481E9901C4E141700DEEBC5 /* Products */;
			projectDirPath = "";
			projectRoot = "";
			targets = (
				4481E98E1C4E141700DEEBC5 /* Test_project_2 */,
			);
		};
/* End PBXProject section */

/* Begin PBXResourcesBuildPhase section */
		4481E98D1C4E141700DEEBC5 /* Resources */ = {
			isa = PBXResourcesBuildPhase;
			buildActionMask = 2147483647;
			files = (
				4481E9A51C4E141700DEEBC5 /* LaunchScreen.storyboard in Resources */,
				4481E9A21C4E141700DEEBC5 /* Assets.xcassets in Resources */,
				4481E9A01C4E141700DEEBC5 /* Main.storyboard in Resources */,
			);
			runOnlyForDeploymentPostprocessing = 0;
		};
/* End PBXResourcesBuildPhase section */

/* Begin PBXSourcesBuildPhase section */
		4481E98B1C4E141700DEEBC5 /* Sources */ = {
			isa = PBXSourcesBuildPhase;
			buildActionMask = 2147483647;
			files = (
				4481E99D1C4E141700DEEBC5 /* SecondViewController.m in Sources */,
				4481E9971C4E141700DEEBC5 /* AppDelegate.m in Sources */,
				4481E99A1C4E141700DEEBC5 /* FirstViewController.m in Sources */,
				4481E9941C4E141700DEEBC5 /* main.m in Sources */,
			);
			runOnlyForDeploymentPostprocessing = 0;
		};
/* End PBXSourcesBuildPhase section */

/* Begin PBXVariantGroup section */
		4481E99E1C4E141700DEEBC5 /* Main.storyboard */ = {
			isa = PBXVariantGroup;
			children = (
				4481E99F1C4E141700DEEBC5 /* Base */,
			);
			name = Main.storyboard;
			sourceTree = "<group>";
		};
		4481E9A31C4E141700DEEBC5 /* LaunchScreen.storyboard */ = {
			isa = PBXVariantGroup;
			children = (
				4481E9A41C4E141700DEEBC5 /* Base */,
			);
			name = LaunchScreen.storyboard;
			sourceTree = "<group>";
		};
/* End PBXVariantGroup section */

/* Begin XCBuildConfiguration section */
		4481E9A71C4E141700DEEBC5 /* Debug */ = {
			isa = XCBuildConfiguration;
			buildSettings = {
				ALWAYS_SEARCH_USER_PATHS = NO;
				CLANG_CXX_LANGUAGE_STANDARD = "gnu++0x";
				CLANG_CXX_LIBRARY = "libc++";
				CLANG_ENABLE_MODULES = YES;
				CLANG_ENABLE_OBJC_ARC = YES;
				CLANG_WARN_BOOL_CONVERSION = YES;
				CLANG_WARN_CONSTANT_CONVERSION = YES;
				CLANG_WARN_DIRECT_OBJC_ISA_USAGE = YES_ERROR;
				CLANG_WARN_EMPTY_BODY = YES;
				CLANG_WARN_ENUM_CONVERSION = YES;
				CLANG_WARN_INT_CONVERSION = YES;
				CLANG_WARN_OBJC_ROOT_CLASS = YES_ERROR;
				CLANG_WARN_UNREACHABLE_CODE = YES;
				CLANG_WARN__DUPLICATE_METHOD_MATCH = YES;
				"CODE_SIGN_IDENTITY[sdk=iphoneos*]" = "iPhone Developer";
				COPY_PHASE_STRIP = NO;
				DEBUG_INFORMATION_FORMAT = dwarf;
				ENABLE_STRICT_OBJC_MSGSEND = YES;
				ENABLE_TESTABILITY = YES;
				GCC_C_LANGUAGE_STANDARD = gnu99;
				GCC_DYNAMIC_NO_PIC = NO;
				GCC_NO_COMMON_BLOCKS = YES;
				GCC_OPTIMIZATION_LEVEL = 0;
				GCC_PREPROCESSOR_DEFINITIONS = (
					"DEBUG=1",
					"$(inherited)",
				);
				GCC_WARN_64_TO_32_BIT_CONVERSION = YES;
				GCC_WARN_ABOUT_RETURN_TYPE = YES_ERROR;
				GCC_WARN_UNDECLARED_SELECTOR = YES;
				GCC_WARN_UNINITIALIZED_AUTOS = YES_AGGRESSIVE;
				GCC_WARN_UNUSED_FUNCTION = YES;
				GCC_WARN_UNUSED_VARIABLE = YES;
				IPHONEOS_DEPLOYMENT_TARGET = 9.2;
				MTL_ENABLE_DEBUG_INFO = YES;
				ONLY_ACTIVE_ARCH = YES;
				SDKROOT = iphoneos;
				TARGETED_DEVICE_FAMILY = "1,2";
			};
			name = Debug;
		};
		4481E9A81C4E141700DEEBC5 /* Release */ = {
			isa = XCBuildConfiguration;
			buildSettings = {
				ALWAYS_SEARCH_USER_PATHS = NO;
				CLANG_CXX_LANGUAGE_STANDARD = "gnu++0x";
				CLANG_CXX_LIBRARY = "libc++";
				CLANG_ENABLE_MODULES = YES;
				CLANG_ENABLE_OBJC_ARC = YES;
				CLANG_WARN_BOOL_CONVERSION = YES;
				CLANG_WARN_CONSTANT_CONVERSION = YES;
				CLANG_WARN_DIRECT_OBJC_ISA_USAGE = YES_ERROR;
				CLANG_WARN_EMPTY_BODY = YES;
				CLANG_WARN_ENUM_CONVERSION = YES;
				CLANG_WARN_INT_CONVERSION = YES;
				CLANG_WARN_OBJC_ROOT_CLASS = YES_ERROR;
				CLANG_WARN_UNREACHABLE_CODE = YES;
				CLANG_WARN__DUPLICATE_METHOD_MATCH = YES;
				"CODE_SIGN_IDENTITY[sdk=iphoneos*]" = "iPhone Developer";
				COPY_PHASE_STRIP = NO;
				DEBUG_INFORMATION_FORMAT = "dwarf-with-dsym";
				ENABLE_NS_ASSERTIONS = NO;
				ENABLE_STRICT_OBJC_MSGSEND = YES;
				GCC_C_LANGUAGE_STANDARD = gnu99;
				GCC_NO_COMMON_BLOCKS = YES;
				GCC_WARN_64_TO_32_BIT_CONVERSION = YES;
				GCC_WARN_ABOUT_RETURN_TYPE = YES_ERROR;
				GCC_WARN_UNDECLARED_SELECTOR = YES;
				GCC_WARN_UNINITIALIZED_AUTOS = YES_AGGRESSIVE;
				GCC_WARN_UNUSED_FUNCTION = YES;
				GCC_WARN_UNUSED_VARIABLE = YES;
				IPHONEOS_DEPLOYMENT_TARGET = 9.2;
				MTL_ENABLE_DEBUG_INFO = NO;
				SDKROOT = iphoneos;
				TARGETED_DEVICE_FAMILY = "1,2";
				VALIDATE_PRODUCT = YES;
			};
			name = Release;
		};
		4481E9AA1C4E141700DEEBC5 /* Debug */ = {
			isa = XCBuildConfiguration;
			buildSettings = {
				ASSETCATALOG_COMPILER_APPICON_NAME = AppIcon;
				INFOPLIST_FILE = Test_project_2/Info.plist;
				LD_RUNPATH_SEARCH_PATHS = "$(inherited) @executable_path/Frameworks";
				PRODUCT_BUNDLE_IDENTIFIER = "com.ouying.zl.Test-project-2";
				PRODUCT_NAME = "$(TARGET_NAME)";
			};
			name = Debug;
		};
		4481E9AB1C4E141700DEEBC5 /* Release */ = {
			isa = XCBuildConfiguration;
			buildSettings = {
				ASSETCATALOG_COMPILER_APPICON_NAME = AppIcon;
				INFOPLIST_FILE = Test_project_2/Info.plist;
				LD_RUNPATH_SEARCH_PATHS = "$(inherited) @executable_path/Frameworks";
				PRODUCT_BUNDLE_IDENTIFIER = "com.ouying.zl.Test-project-2";
				PRODUCT_NAME = "$(TARGET_NAME)";
			};
			name = Release;
		};
/* End XCBuildConfiguration section */

/* Begin XCConfigurationList section */
		4481E98A1C4E141700DEEBC5 /* Build configuration list for PBXProject "Test_project_2" */ = {
			isa = XCConfigurationList;
			buildConfigurations = (
				4481E9A71C4E141700DEEBC5 /* Debug */,
				4481E9A81C4E141700DEEBC5 /* Release */,
			);
			defaultConfigurationIsVisible = 0;
			defaultConfigurationName = Release;
		};
		4481E9A91C4E141700DEEBC5 /* Build configuration list for PBXNativeTarget "Test_project_2" */ = {
			isa = XCConfigurationList;
			buildConfigurations = (
				4481E9AA1C4E141700DEEBC5 /* Debug */,
				4481E9AB1C4E141700DEEBC5 /* Release */,
			);
			defaultConfigurationIsVisible = 0;
		};
/* End XCConfigurationList section */
	};
	rootObject = 4481E9871C4E141700DEEBC5 /* Project object */;
}
